lockVersion: 2.0.0
id: 383bf1d0-1849-43fc-8c48-dfc9f04e921c
management:
  docChecksum: e31e6ab31a8d7a3a587f751e49127a7d
  docVersion: 1.0.0
  speakeasyVersion: 1.592.1
  generationVersion: 2.667.0
  releaseVersion: 0.7.0
  configChecksum: 5e48831193dc7afc3c1fbe310880c92d
  repoURL: https://github.com/descarteslabs/hedgewise-sdk-typescript.git
  installationURL: https://github.com/descarteslabs/hedgewise-sdk-typescript
  published: true
features:
  typescript:
    additionalDependencies: 0.1.0
    constsAndDefaults: 0.1.12
    core: 3.21.16
    defaultEnabledRetries: 0.1.0
    devContainers: 2.90.0
    envVarSecurityUsage: 0.1.2
    globalSecurity: 2.82.13
    globalSecurityCallbacks: 0.1.0
    globalSecurityFlattening: 0.1.0
    globalServerURLs: 2.82.5
    groups: 2.81.2
    mcpServer: 0.9.3
    nameOverrides: 2.81.2
    nullables: 0.1.1
    responseFormat: 0.2.3
    retries: 2.83.0
    sdkHooks: 0.3.0
    unions: 2.85.11
generatedFiles:
  - .devcontainer/README.md
  - .devcontainer/devcontainer.json
  - .devcontainer/setup.sh
  - .gitattributes
  - .npmignore
  - FUNCTIONS.md
  - RUNTIMES.md
  - USAGE.md
  - docs/lib/utils/retryconfig.md
  - docs/models/components/asset.md
  - docs/models/components/assetclass.md
  - docs/models/components/assetforecastdata.md
  - docs/models/components/assetforecastmodeldata.md
  - docs/models/components/assetforecaststrategy.md
  - docs/models/components/assetindicatordata.md
  - docs/models/components/assetlongtermforecastdata.md
  - docs/models/components/assetpricedata.md
  - docs/models/components/availablefuture.md
  - docs/models/components/availableindicator.md
  - docs/models/components/availablesupplymodels.md
  - docs/models/components/contract.md
  - docs/models/components/contractwithforecasts.md
  - docs/models/components/contractwithindicator.md
  - docs/models/components/contractwithpriceticks.md
  - docs/models/components/data.md
  - docs/models/components/datasetresponse.md
  - docs/models/components/feature.md
  - docs/models/components/featurecategory.md
  - docs/models/components/featuredrilldown.md
  - docs/models/components/featurehistoricaldata.md
  - docs/models/components/featurenode.md
  - docs/models/components/featuretransformedhistoricaldata.md
  - docs/models/components/featuretreemodel.md
  - docs/models/components/forecast.md
  - docs/models/components/forecasttick.md
  - docs/models/components/forecasttrajectory.md
  - docs/models/components/forecasttrajectoryelement.md
  - docs/models/components/forecasttrajectoryspec.md
  - docs/models/components/forexdata.md
  - docs/models/components/forextick.md
  - docs/models/components/getallforexdataresponse.md
  - docs/models/components/getassetcalendarresponse.md
  - docs/models/components/getassetforecastsmodelsresponse.md
  - docs/models/components/getassetforecastsresponse.md
  - docs/models/components/getassetlongtermforecastsresponse.md
  - docs/models/components/getassetpricesresponse.md
  - docs/models/components/getavailableassetcategoriesresponse.md
  - docs/models/components/getavailablefeaturesresponse.md
  - docs/models/components/getavailablefuturesresponse.md
  - docs/models/components/getavailableindicatorsresponse.md
  - docs/models/components/getavailableperformancemetricsresponse.md
  - docs/models/components/getavailablesupplycommoditiesresponse.md
  - docs/models/components/getdataresponse.md
  - docs/models/components/getdatasetsresponse.md
  - docs/models/components/getfeaturehistoricalresponse.md
  - docs/models/components/getforexdataresponse.md
  - docs/models/components/gethedgeindicatorresponse.md
  - docs/models/components/getmodeloutputresponse.md
  - docs/models/components/getperformancemetricsresponse.md
  - docs/models/components/getsectorindexhistoricalresponse.md
  - docs/models/components/getstrategiesresponse.md
  - docs/models/components/getstrategyforecastresponse.md
  - docs/models/components/getsupplyphenologyresponse.md
  - docs/models/components/getsupplyresponse.md
  - docs/models/components/gettransformedfeatureresponse.md
  - docs/models/components/horizon.md
  - docs/models/components/indicator.md
  - docs/models/components/indicatortick.md
  - docs/models/components/loc.md
  - docs/models/components/longtermforecast.md
  - docs/models/components/marketdriver.md
  - docs/models/components/modeloutput.md
  - docs/models/components/movingaverage.md
  - docs/models/components/movingaveragetick.md
  - docs/models/components/performancemetric.md
  - docs/models/components/performancemetricresult.md
  - docs/models/components/phenologydata.md
  - docs/models/components/postassetforecastsrequest.md
  - docs/models/components/postassetforecastsresponse.md
  - docs/models/components/sectorindexhistoricaldata.md
  - docs/models/components/sectorindextick.md
  - docs/models/components/security.md
  - docs/models/components/strategyresponse.md
  - docs/models/components/strategytrajectoryhorizonresponse.md
  - docs/models/components/strategytrajectoryresponse.md
  - docs/models/components/supplydata.md
  - docs/models/components/tick.md
  - docs/models/components/userregistration.md
  - docs/models/components/validationerror.md
  - docs/models/errors/getuserregistrationreponseerror.md
  - docs/models/errors/httpvalidationerror.md
  - docs/models/operations/getassetcalendarrequest.md
  - docs/models/operations/getassetclassindexrequest.md
  - docs/models/operations/getavailablefeaturesrequest.md
  - docs/models/operations/getdatasetsrequest.md
  - docs/models/operations/getfeatureshistoricalvaluesrequest.md
  - docs/models/operations/getforexpricesrequest.md
  - docs/models/operations/getfuturesforecastsmodelsrequest.md
  - docs/models/operations/getfuturesforecastsrequest.md
  - docs/models/operations/getfuturespricesrequest.md
  - docs/models/operations/gethedgeindicatorrequest.md
  - docs/models/operations/getlongtermforecastrequest.md
  - docs/models/operations/getmodeloutputrequest.md
  - docs/models/operations/getperformancemetricsrequest.md
  - docs/models/operations/getstrategiesrequest.md
  - docs/models/operations/getstrategyforecastrequest.md
  - docs/models/operations/getstrategyrequest.md
  - docs/models/operations/getsupplyphenologyrequest.md
  - docs/models/operations/getsupplyrequest.md
  - docs/models/operations/gettransformedfeaturevaluesrequest.md
  - docs/models/operations/getweightedindexrequest.md
  - docs/models/operations/postfuturesforecastsrequest.md
  - docs/sdks/assets/README.md
  - docs/sdks/data/README.md
  - docs/sdks/datasets/README.md
  - docs/sdks/features/README.md
  - docs/sdks/forex/README.md
  - docs/sdks/futures/README.md
  - docs/sdks/hedgewise/README.md
  - docs/sdks/indicators/README.md
  - docs/sdks/performancemetrics/README.md
  - docs/sdks/sectorindices/README.md
  - docs/sdks/strategies/README.md
  - docs/sdks/supply/README.md
  - docs/sdks/system/README.md
  - docs/types/rfcdate.md
  - eslint.config.mjs
  - examples/.env.template
  - examples/README.md
  - examples/package.json
  - examples/postFuturesForecasts.example.ts
  - jsr.json
  - package.json
  - src/core.ts
  - src/funcs/assetsGetCategories.ts
  - src/funcs/dataGetMetadata.ts
  - src/funcs/datasetsGetDatasets.ts
  - src/funcs/featuresGetHistoricalValues.ts
  - src/funcs/featuresGetTransformedValues.ts
  - src/funcs/featuresGetTree.ts
  - src/funcs/featuresGetWeightedIndex.ts
  - src/funcs/featuresList.ts
  - src/funcs/forexGetPrices.ts
  - src/funcs/forexListPrices.ts
  - src/funcs/futuresGetCalendar.ts
  - src/funcs/futuresGetForecasts.ts
  - src/funcs/futuresGetHedgeIndicator.ts
  - src/funcs/futuresGetLongTermForecast.ts
  - src/funcs/futuresGetPrices.ts
  - src/funcs/futuresList.ts
  - src/funcs/getFuturesForecastsModels.ts
  - src/funcs/getModelOutput.ts
  - src/funcs/getSupplyPhenology.ts
  - src/funcs/indicatorsList.ts
  - src/funcs/performanceMetricsGet.ts
  - src/funcs/performanceMetricsList.ts
  - src/funcs/postFuturesForecasts.ts
  - src/funcs/sectorIndicesGet.ts
  - src/funcs/strategiesGetStrategies.ts
  - src/funcs/strategiesGetStrategy.ts
  - src/funcs/strategiesGetStrategyForecast.ts
  - src/funcs/supplyGet.ts
  - src/funcs/supplyListCommodities.ts
  - src/funcs/systemPing.ts
  - src/funcs/userRegistration.ts
  - src/hooks/hooks.ts
  - src/hooks/index.ts
  - src/hooks/types.ts
  - src/index.ts
  - src/lib/base64.ts
  - src/lib/config.ts
  - src/lib/dlv.ts
  - src/lib/encodings.ts
  - src/lib/env.ts
  - src/lib/files.ts
  - src/lib/http.ts
  - src/lib/is-plain-object.ts
  - src/lib/logger.ts
  - src/lib/matchers.ts
  - src/lib/primitives.ts
  - src/lib/retries.ts
  - src/lib/schemas.ts
  - src/lib/sdks.ts
  - src/lib/security.ts
  - src/lib/url.ts
  - src/mcp-server/build.mts
  - src/mcp-server/cli.ts
  - src/mcp-server/cli/start/command.ts
  - src/mcp-server/cli/start/impl.ts
  - src/mcp-server/console-logger.ts
  - src/mcp-server/extensions.ts
  - src/mcp-server/mcp-server.ts
  - src/mcp-server/prompts.ts
  - src/mcp-server/resources.ts
  - src/mcp-server/scopes.ts
  - src/mcp-server/server.ts
  - src/mcp-server/shared.ts
  - src/mcp-server/tools.ts
  - src/mcp-server/tools/assetsGetCategories.ts
  - src/mcp-server/tools/dataGetMetadata.ts
  - src/mcp-server/tools/datasetsGetDatasets.ts
  - src/mcp-server/tools/featuresGetHistoricalValues.ts
  - src/mcp-server/tools/featuresGetTransformedValues.ts
  - src/mcp-server/tools/featuresGetTree.ts
  - src/mcp-server/tools/featuresGetWeightedIndex.ts
  - src/mcp-server/tools/featuresList.ts
  - src/mcp-server/tools/forexGetPrices.ts
  - src/mcp-server/tools/forexListPrices.ts
  - src/mcp-server/tools/futuresGetCalendar.ts
  - src/mcp-server/tools/futuresGetForecasts.ts
  - src/mcp-server/tools/futuresGetHedgeIndicator.ts
  - src/mcp-server/tools/futuresGetLongTermForecast.ts
  - src/mcp-server/tools/futuresGetPrices.ts
  - src/mcp-server/tools/futuresList.ts
  - src/mcp-server/tools/getFuturesForecastsModels.ts
  - src/mcp-server/tools/getModelOutput.ts
  - src/mcp-server/tools/getSupplyPhenology.ts
  - src/mcp-server/tools/indicatorsList.ts
  - src/mcp-server/tools/performanceMetricsGet.ts
  - src/mcp-server/tools/performanceMetricsList.ts
  - src/mcp-server/tools/postFuturesForecasts.ts
  - src/mcp-server/tools/sectorIndicesGet.ts
  - src/mcp-server/tools/strategiesGetStrategies.ts
  - src/mcp-server/tools/strategiesGetStrategy.ts
  - src/mcp-server/tools/strategiesGetStrategyForecast.ts
  - src/mcp-server/tools/supplyGet.ts
  - src/mcp-server/tools/supplyListCommodities.ts
  - src/mcp-server/tools/systemPing.ts
  - src/mcp-server/tools/userRegistration.ts
  - src/models/components/asset.ts
  - src/models/components/assetclass.ts
  - src/models/components/assetforecastdata.ts
  - src/models/components/assetforecastmodeldata.ts
  - src/models/components/assetforecaststrategy.ts
  - src/models/components/assetindicatordata.ts
  - src/models/components/assetlongtermforecastdata.ts
  - src/models/components/assetpricedata.ts
  - src/models/components/availablefuture.ts
  - src/models/components/availableindicator.ts
  - src/models/components/availablesupplymodels.ts
  - src/models/components/contract.ts
  - src/models/components/contractwithforecasts.ts
  - src/models/components/contractwithindicator.ts
  - src/models/components/contractwithpriceticks.ts
  - src/models/components/data.ts
  - src/models/components/datasetresponse.ts
  - src/models/components/feature.ts
  - src/models/components/featurecategory.ts
  - src/models/components/featuredrilldown.ts
  - src/models/components/featurehistoricaldata.ts
  - src/models/components/featurenode.ts
  - src/models/components/featuretransformedhistoricaldata.ts
  - src/models/components/featuretreemodel.ts
  - src/models/components/forecast.ts
  - src/models/components/forecasttick.ts
  - src/models/components/forecasttrajectory.ts
  - src/models/components/forecasttrajectoryelement.ts
  - src/models/components/forecasttrajectoryspec.ts
  - src/models/components/forexdata.ts
  - src/models/components/forextick.ts
  - src/models/components/getallforexdataresponse.ts
  - src/models/components/getassetcalendarresponse.ts
  - src/models/components/getassetforecastsmodelsresponse.ts
  - src/models/components/getassetforecastsresponse.ts
  - src/models/components/getassetlongtermforecastsresponse.ts
  - src/models/components/getassetpricesresponse.ts
  - src/models/components/getavailableassetcategoriesresponse.ts
  - src/models/components/getavailablefeaturesresponse.ts
  - src/models/components/getavailablefuturesresponse.ts
  - src/models/components/getavailableindicatorsresponse.ts
  - src/models/components/getavailableperformancemetricsresponse.ts
  - src/models/components/getavailablesupplycommoditiesresponse.ts
  - src/models/components/getdataresponse.ts
  - src/models/components/getdatasetsresponse.ts
  - src/models/components/getfeaturehistoricalresponse.ts
  - src/models/components/getforexdataresponse.ts
  - src/models/components/gethedgeindicatorresponse.ts
  - src/models/components/getmodeloutputresponse.ts
  - src/models/components/getperformancemetricsresponse.ts
  - src/models/components/getsectorindexhistoricalresponse.ts
  - src/models/components/getstrategiesresponse.ts
  - src/models/components/getstrategyforecastresponse.ts
  - src/models/components/getsupplyphenologyresponse.ts
  - src/models/components/getsupplyresponse.ts
  - src/models/components/gettransformedfeatureresponse.ts
  - src/models/components/index.ts
  - src/models/components/indicator.ts
  - src/models/components/indicatortick.ts
  - src/models/components/longtermforecast.ts
  - src/models/components/marketdriver.ts
  - src/models/components/modeloutput.ts
  - src/models/components/movingaverage.ts
  - src/models/components/movingaveragetick.ts
  - src/models/components/performancemetric.ts
  - src/models/components/performancemetricresult.ts
  - src/models/components/phenologydata.ts
  - src/models/components/postassetforecastsrequest.ts
  - src/models/components/postassetforecastsresponse.ts
  - src/models/components/sectorindexhistoricaldata.ts
  - src/models/components/sectorindextick.ts
  - src/models/components/security.ts
  - src/models/components/strategyresponse.ts
  - src/models/components/strategytrajectoryhorizonresponse.ts
  - src/models/components/strategytrajectoryresponse.ts
  - src/models/components/supplydata.ts
  - src/models/components/tick.ts
  - src/models/components/userregistration.ts
  - src/models/components/validationerror.ts
  - src/models/errors/apierror.ts
  - src/models/errors/getuserregistrationreponseerror.ts
  - src/models/errors/hedgewiseerror.ts
  - src/models/errors/httpclienterrors.ts
  - src/models/errors/httpvalidationerror.ts
  - src/models/errors/index.ts
  - src/models/errors/responsevalidationerror.ts
  - src/models/errors/sdkvalidationerror.ts
  - src/models/operations/getassetcalendar.ts
  - src/models/operations/getassetclassindex.ts
  - src/models/operations/getavailablefeatures.ts
  - src/models/operations/getdatasets.ts
  - src/models/operations/getfeatureshistoricalvalues.ts
  - src/models/operations/getforexprices.ts
  - src/models/operations/getfuturesforecasts.ts
  - src/models/operations/getfuturesforecastsmodels.ts
  - src/models/operations/getfuturesprices.ts
  - src/models/operations/gethedgeindicator.ts
  - src/models/operations/getlongtermforecast.ts
  - src/models/operations/getmodeloutput.ts
  - src/models/operations/getperformancemetrics.ts
  - src/models/operations/getstrategies.ts
  - src/models/operations/getstrategy.ts
  - src/models/operations/getstrategyforecast.ts
  - src/models/operations/getsupply.ts
  - src/models/operations/getsupplyphenology.ts
  - src/models/operations/gettransformedfeaturevalues.ts
  - src/models/operations/getweightedindex.ts
  - src/models/operations/index.ts
  - src/models/operations/postfuturesforecasts.ts
  - src/sdk/assets.ts
  - src/sdk/data.ts
  - src/sdk/datasets.ts
  - src/sdk/features.ts
  - src/sdk/forex.ts
  - src/sdk/futures.ts
  - src/sdk/index.ts
  - src/sdk/indicators.ts
  - src/sdk/performancemetrics.ts
  - src/sdk/sdk.ts
  - src/sdk/sectorindices.ts
  - src/sdk/strategies.ts
  - src/sdk/supply.ts
  - src/sdk/system.ts
  - src/types/async.ts
  - src/types/blobs.ts
  - src/types/constdatetime.ts
  - src/types/enums.ts
  - src/types/fp.ts
  - src/types/index.ts
  - src/types/operations.ts
  - src/types/rfcdate.ts
  - src/types/streams.ts
  - tsconfig.json
examples:
  post_futures_forecasts:
    "":
      parameters:
        path:
          symbol: "ZC"
      requestBody:
        application/json: {"strategy": [{"start_date": "2025-04-24", "end_date": "2025-04-24", "trajectory": [], "price_collar_sigma": 0, "estimate_uncertainty": false, "interpolate": false, "get_market_drivers": false, "get_moving_averages": false}]}
      responses:
        "200":
          application/json: {"success": true, "data": [{"asset": {"symbol": "<value>", "type": "<value>", "asset_class_symbol": "<value>", "name": "<value>", "sku": "<value>", "code": "<value>", "price_file": "<value>"}, "contracts": []}]}
        "422":
          application/json: {}
    speakeasy-default-post-futures-forecasts:
      parameters:
        path:
          symbol: "ZC"
        query:
          concatenate_trajectories: false
      requestBody:
        application/json: {"strategy": [{"start_date": "2025-04-24", "end_date": "2025-04-24", "trajectory": [], "price_collar_sigma": 0, "estimate_uncertainty": false, "interpolate": false, "get_market_drivers": false, "get_moving_averages": false}]}
      responses:
        "200":
          application/json: {"success": true, "data": [{"asset": {"symbol": "<value>", "type": "<value>", "asset_class_symbol": "<value>", "name": "<value>", "sku": "<value>", "code": "<value>", "price_file": "<value>"}, "contracts": []}]}
        "422":
          application/json: {}
  get_futures_forecasts_models:
    "":
      parameters:
        path:
          symbol: "ZC"
        query:
          details: false
      responses:
        "200":
          application/json: {"success": true, "data": [{"model_name": "<value>", "start_date": "2023-05-22", "end_date": "2024-02-06", "horizons": [450803]}]}
        "422":
          application/json: {}
    speakeasy-default-get-futures-forecasts-models:
      parameters:
        path:
          symbol: "ZC"
        query:
          details: false
      responses:
        "200":
          application/json: {"success": true, "data": [{"model_type": "<value>", "model_name": "<value>", "display_name": "Price45", "start_date": "2023-05-22", "end_date": "2024-02-06", "horizons": [450803], "indicators": ["<value 1>", "<value 2>", "<value 3>"], "native": true}]}
        "422":
          application/json: {}
  get_model_output:
    "":
      parameters:
        path:
          symbol: "KC"
        query:
          model: "coffee_arabica_v1_3"
          start_date: "2025-04-24"
          end_date: "2025-04-24"
      responses:
        "200":
          application/json: {"success": true, "data": [{"commodity": "<value>", "date": "2025-04-17T17:48:01.443Z", "run_date": "2024-06-09T00:02:53.378Z", "horizon": 570538, "contract": "<value>", "run_date_price": 1189.63, "realized_price": 7846.55, "forecast": 9984.71, "forecast_error": 910, "forecast_error_percent": 8459.98}]}
        "422":
          application/json: {}
    speakeasy-default-get-model-output:
      parameters:
        path:
          symbol: "KC"
        query:
          model: "coffee_arabica_v1_3"
          start_date: "2025-04-24"
          end_date: "2025-04-24"
      responses:
        "200":
          application/json: {"success": true, "data": [{"commodity": "<value>", "date": "2025-04-17T17:48:01.443Z", "run_date": "2024-06-09T00:02:53.378Z", "horizon": 570538, "contract": "<value>", "run_date_price": 1189.63, "realized_price": 7846.55, "forecast": 9984.71, "forecast_error": 910, "forecast_error_percent": 8459.98}]}
        "422":
          application/json: {}
  get_supply_phenology:
    "":
      parameters:
        query:
          symbol: "KC"
          country_region: "brazil"
      responses:
        "200":
          application/json: {"success": true, "data": [{"location": "<value>", "crop": "<value>", "phenology_phase": "<value>", "start": "2024-04-16", "end": "2024-07-27"}]}
        "422":
          application/json: {}
    speakeasy-default-get-supply-phenology:
      parameters:
        query:
          symbol: "KC"
          country_region: "brazil"
      responses:
        "200":
          application/json: {"success": true, "data": [{"location": "<value>", "crop": "<value>", "phenology_phase": "<value>", "start": "2024-04-16", "end": "2024-07-27"}]}
        "422":
          application/json: {}
  ping:
    speakeasy-default-ping:
      responses:
        "200":
          application/json: {"status": "available"}
  get_data:
    speakeasy-default-get-data:
      responses:
        "200":
          application/json: {"success": true, "data": {"asset_classes": [], "assets": [], "contracts": []}}
  get_available_asset_categories:
    speakeasy-default-get-available-asset-categories:
      responses:
        "200":
          application/json: {"success": true, "data": ["<value 1>", "<value 2>", "<value 3>"]}
  get_available_futures:
    speakeasy-default-get-available-futures:
      responses:
        "200":
          application/json: {"success": true, "data": []}
  get_asset_calendar:
    "":
      parameters:
        path:
          symbol: "ZC"
        query:
          start_date: "2025-04-17"
          end_date: "2025-04-25"
      responses:
        "200":
          application/json: {"success": true, "data": ["<value 1>", "<value 2>", "<value 3>"]}
        "422":
          application/json: {}
    speakeasy-default-get-asset-calendar:
      parameters:
        path:
          symbol: "ZC"
        query:
          start_date: "2025-04-17"
          end_date: "2025-04-25"
      responses:
        "200":
          application/json: {"success": true, "data": ["<value 1>", "<value 2>", "<value 3>"]}
        "422":
          application/json: {}
  get_futures_forecasts:
    "":
      parameters:
        path:
          symbol: "ZC"
        query:
          start_date: "2025-04-24"
          end_date: "2025-04-24"
          interpolate: false
          estimate_uncertainty: false
          get_market_drivers: false
          get_moving_averages: false
          price_collar_sigma: 0
      responses:
        "200":
          application/json: {"success": true, "data": {"asset": {"symbol": "<value>", "type": "<value>", "asset_class_symbol": "<value>", "name": "<value>", "sku": "<value>", "code": "<value>", "price_file": "<value>"}, "contracts": [{"asset_symbol": "<value>", "symbol": "<value>", "name": "<value>", "forecasts": [], "market_drivers": [], "moving_averages": [{"horizon": 689884, "moving_average": []}]}]}}
        "422":
          application/json: {}
    speakeasy-default-get-futures-forecasts:
      parameters:
        path:
          symbol: "ZC"
        query:
          start_date: "2025-04-24"
          end_date: "2025-04-24"
          interpolate: false
          estimate_uncertainty: false
          get_market_drivers: false
          get_moving_averages: false
          price_collar_sigma: 0
      responses:
        "200":
          application/json: {"success": true, "data": {"asset": {"symbol": "<value>", "type": "<value>", "asset_class_symbol": "<value>", "name": "<value>", "sku": "<value>", "code": "<value>", "price_file": "<value>"}, "contracts": []}}
        "422":
          application/json: {}
  get_long_term_forecast:
    "":
      parameters:
        path:
          symbol: "ZC"
        query:
          horizon: 12
          start_date: "2025-03-24"
          end_date: "2025-04-25"
          rollover_type: "hist_vol"
      responses:
        "200":
          application/json: {"success": true, "data": {"asset": {"symbol": "<value>", "type": "<value>", "asset_class_symbol": "<value>", "name": "<value>", "sku": "<value>", "code": "<value>", "price_file": "<value>"}, "long_term_forecast": [{"date": "2023-04-10", "contract": "<value>", "price_increase": false}], "market_drivers": [{"model": "XC90", "forecast_date": "2023-05-02T06:39:02.688Z", "target_date_contract": "<value>", "horizon": 522499, "categories": [{"category": "<value>", "contribution": 5098.01, "drilldown": [{"feature_code": "<value>", "contribution": 2310.95, "description": "adrenalin despite flawed"}]}]}]}}
        "422":
          application/json: {}
    speakeasy-default-get-long-term-forecast:
      parameters:
        path:
          symbol: "ZC"
        query:
          horizon: 12
          start_date: "2025-03-24"
          end_date: "2025-04-25"
          rollover_type: "hist_vol"
      responses:
        "200":
          application/json: {"success": true, "data": {"asset": {"symbol": "<value>", "type": "<value>", "asset_class_symbol": "<value>", "name": "<value>", "sku": "<value>", "code": "<value>", "price_file": "<value>"}, "long_term_forecast": [{"date": "2023-04-10", "contract": "<value>", "price_increase": false}], "market_drivers": [{"model": "XC90", "forecast_date": "2023-05-02T06:39:02.688Z", "target_date_contract": "<value>", "horizon": 522499, "categories": [{"category": "<value>", "contribution": 5098.01, "drilldown": [{"feature_code": "<value>", "contribution": 2310.95, "description": "adrenalin despite flawed"}]}]}]}}
        "422":
          application/json: {}
  get_hedge_indicator:
    "":
      parameters:
        path:
          symbol: "ZC"
        query:
          contract: "2025H"
          hedge_horizon: 86
          lookback_days: 30
          start_date: "2025-03-24"
          end_date: "2025-04-24"
      responses:
        "200":
          application/json: {"success": true, "data": {"asset": {"symbol": "<value>", "type": "<value>", "asset_class_symbol": "<value>", "name": "<value>", "sku": null, "code": "<value>", "price_file": "<value>"}, "contracts": [{"asset_symbol": "<value>", "symbol": "<value>", "name": "<value>", "indicator": {"name": "<value>", "series": []}}]}}
        "422":
          application/json: {}
    speakeasy-default-get-hedge-indicator:
      parameters:
        path:
          symbol: "ZC"
        query:
          contract: "2025H"
          hedge_horizon: 5
          lookback_days: 30
          start_date: "2025-03-24"
          end_date: "2025-04-24"
          model_name: "default"
      responses:
        "200":
          application/json: {"success": true, "data": {"asset": {"symbol": "<value>", "type": "<value>", "asset_class_symbol": "<value>", "name": "<value>", "sku": null, "code": "<value>", "price_file": "<value>"}, "contracts": [{"asset_symbol": "<value>", "symbol": "<value>", "name": "<value>", "indicator": {"name": "<value>", "series": []}}]}}
        "422":
          application/json: {}
  get_futures_prices:
    "":
      parameters:
        path:
          symbol: "ZC"
        query:
          contract: "2025H"
          start_date: "2025-04-24"
          end_date: "2025-04-24"
          active_contracts_only: true
          rollover_method: "hist_vol"
          back_adjust: false
      responses:
        "200":
          application/json: {"success": true, "data": {"asset": {"symbol": "<value>", "type": "<value>", "asset_class_symbol": "<value>", "name": "<value>", "sku": "<value>", "code": "<value>", "price_file": "<value>"}, "front_month": "<value>", "contracts": []}}
        "422":
          application/json: {}
    speakeasy-default-get-futures-prices:
      parameters:
        path:
          symbol: "ZC"
        query:
          contract: "2025H"
          start_date: "2025-04-24"
          end_date: "2025-04-24"
          active_contracts_only: true
          rollover_method: "hist_vol"
          back_adjust: false
      responses:
        "200":
          application/json: {"success": true, "data": {"asset": {"symbol": "<value>", "type": "<value>", "asset_class_symbol": "<value>", "name": "<value>", "sku": "<value>", "code": "<value>", "price_file": "<value>"}, "front_month": "<value>", "contracts": []}}
        "422":
          application/json: {}
  get_available_indicators:
    speakeasy-default-get-available-indicators:
      responses:
        "200":
          application/json: {"success": true, "data": []}
  get_all_forex_prices:
    speakeasy-default-get-all-forex-prices:
      responses:
        "200":
          application/json: {"success": true, "data": [{"code": "<value>", "name": "<value>", "market_date": "2024-04-07T10:23:47.826Z", "prices": []}]}
  get_forex_prices:
    "":
      parameters:
        path:
          code: "EUR"
        query:
          start_date: "2025-04-17"
          end_date: "2025-04-25"
          foreign_per_usd: true
      responses:
        "200":
          application/json: {"success": true, "data": {"code": "<value>", "name": "<value>", "market_date": "2025-01-15T15:33:55.746Z", "prices": []}}
        "422":
          application/json: {}
    speakeasy-default-get-forex-prices:
      parameters:
        path:
          code: "EUR"
        query:
          start_date: "2025-04-17"
          end_date: "2025-04-25"
          foreign_per_usd: true
      responses:
        "200":
          application/json: {"success": true, "data": {"code": "<value>", "name": "<value>", "market_date": "2025-01-15T15:33:55.746Z", "prices": []}}
        "422":
          application/json: {}
  get_features_tree:
    speakeasy-default-get-features-tree:
      responses:
        "200":
          application/json: {"type": {"key": [], "key1": [{"label": "<value>"}]}, "category": {"key": [{"label": "<value>"}], "key1": [], "key2": []}, "region": {"key": [{"label": "<value>"}], "key1": [], "key2": []}, "data_frequency": {"key": [], "key1": []}, "phenology_stage": {}}
  get_available_features:
    "":
      parameters:
        query:
          symbol: "ZC"
      responses:
        "200":
          application/json: {"success": true, "data": [{"feature_code": "<value>", "type": "<value>", "long_name": "<value>", "variable_type": "<value>"}]}
        "422":
          application/json: {}
    speakeasy-default-get-available-features:
      parameters:
        query:
          symbol: "ZC"
          dataset_key: "technical_macro_v1_2025"
          symbols: ["ZC"]
          dataset_keys: ["technical_macro_v1_2025"]
          features_strength: false
          statistic_types: ["raw_value"]
          variable_types: ["price"]
          sources: ["CFTC"]
          countries: ["usa"]
          frequencies: ["daily"]
          phenology_stages: ["harvest"]
          limit: 761472
          offset: 958645
          search: "coffee"
      responses:
        "200":
          application/json: {"success": true, "data": [{"feature_code": "<value>", "type": "<value>", "long_name": "<value>", "variable_type": "<value>"}]}
        "422":
          application/json: {}
  get_features_historical_values:
    "":
      parameters:
        path:
          feature_code: "vietnam_t2mean"
        query:
          start_date: "2025-03-24"
          end_date: "2025-04-25"
          add_strength_for_commodity: "KC"
          freq: "weekly"
          agg: "mean"
      responses:
        "200":
          application/json: {"success": true, "data": [{"feature_code": "<value>", "date": "2023-08-15", "value": 5448.92}]}
        "422":
          application/json: {}
    speakeasy-default-get-features-historical-values:
      parameters:
        path:
          feature_code: "vietnam_t2mean"
        query:
          start_date: "2025-03-24"
          end_date: "2025-04-25"
          add_strength_for_commodity: "KC"
          freq: "weekly"
          agg: "mean"
      responses:
        "200":
          application/json: {"success": true, "data": [{"feature_code": "<value>", "date": "2023-08-15", "value": 5448.92}]}
        "422":
          application/json: {}
  get_transformed_feature_values:
    "":
      parameters:
        path:
          feature_code: "vietnam_t2mean"
        query:
          transform: "xyavg"
          number_of_years: 5
          window: 20
          start_date: "2025-03-24"
          end_date: "2025-04-25"
          freq: "weekly"
          agg: "mean"
      responses:
        "200":
          application/json: {"success": true, "data": []}
        "422":
          application/json: {}
    speakeasy-default-get-transformed-feature-values:
      parameters:
        path:
          feature_code: "vietnam_t2mean"
        query:
          transform: "xyavg"
          number_of_years: 5
          window: 20
          start_date: "2025-03-24"
          end_date: "2025-04-25"
          freq: "weekly"
          agg: "mean"
      responses:
        "200":
          application/json: {"success": true, "data": []}
        "422":
          application/json: {}
  get_weighted_index:
    "":
      parameters:
        query:
          weights: [0.5]
          feature_codes: ["vietnam_t2mean"]
          index_label: "user_defined_index"
          start_date: "2025-03-24"
          end_date: "2025-04-25"
      responses:
        "200":
          application/json: {"success": true, "data": []}
        "422":
          application/json: {}
    speakeasy-default-get-weighted-index:
      parameters:
        query:
          weights: [0.5]
          feature_codes: ["vietnam_t2mean"]
          index_label: "user_defined_index"
          start_date: "2025-03-24"
          end_date: "2025-04-25"
      responses:
        "200":
          application/json: {"success": true, "data": []}
        "422":
          application/json: {}
  get_asset_class_index:
    "":
      parameters:
        path:
          asset_class_symbol: "GRN, SFT, CUR, ENR, OIL, PRD"
        query:
          methodology: "riskparity"
          start_date: "2025-03-24"
          end_date: "2025-04-25"
          freq: "weekly"
      responses:
        "200":
          application/json: {"success": true, "data": [{"asset_class": "<value>", "data": []}]}
        "422":
          application/json: {}
    speakeasy-default-get-asset-class-index:
      parameters:
        path:
          asset_class_symbol: "GRN"
        query:
          methodology: "riskparity"
          start_date: "2025-03-24"
          end_date: "2025-04-25"
          freq: "weekly"
      responses:
        "200":
          application/json: {"success": true, "data": [{"asset_class": "<value>", "data": []}]}
        "422":
          application/json: {}
  get_available_performance_metrics:
    speakeasy-default-get-available-performance-metrics:
      responses:
        "200":
          application/json: {"success": true, "data": []}
  get_performance_metrics:
    "":
      parameters:
        path:
          symbol: "ZC"
        query:
          metric: "hitrate"
          horizon: 10
          start_date: "2025-01-02"
          end_date: "2025-04-25"
          threshold_on_forecast: 0
          threshold_on_actual: 0
          use_run_date: false
          sigma: 2
      responses:
        "200":
          application/json: {"success": true, "data": [{"metric": "<value>", "horizon": 12011, "value": 1242.77}]}
        "422":
          application/json: {}
    speakeasy-default-get-performance-metrics:
      parameters:
        path:
          symbol: "ZC"
        query:
          metric: "hitrate"
          horizon: 5
          start_date: "2025-01-02"
          end_date: "2025-04-25"
          threshold_on_forecast: 0
          threshold_on_actual: 0
          use_run_date: false
          sigma: 1
          model_name: "coffee_arabica_v1_3"
      responses:
        "200":
          application/json: {"success": true, "data": [{"metric": "<value>", "horizon": 12011, "value": 1242.77}]}
        "422":
          application/json: {}
  get_available_supply_commodities:
    speakeasy-default-get-available-supply-commodities:
      responses:
        "200":
          application/json: {"success": true, "data": [{"model": "Prius", "symbol": "<value>", "commodity": "<value>", "countries": []}]}
  get_supply:
    "":
      parameters:
        path:
          symbol: "KC"
        query:
          country_code: "BR"
          start_date: "2024-04-24"
          end_date: "2025-04-25"
          get_feature_contributions: false
          model: "v2_wholecountry_92to23_interval10_yesyoy_xgb"
      responses:
        "200":
          application/json: {"success": true, "data": [{"symbol": "<value>", "commodity": "<value>", "country_code": "AI", "country": "Kazakhstan", "date": "2023-02-26T07:00:51.532Z", "model": "Mercielago", "forecasted_supply": 8305.46, "reported_supply": 7225.01, "reporting_agency": "<value>", "unit": "candela", "feature_contributions": []}]}
        "422":
          application/json: {}
    speakeasy-default-get-supply:
      parameters:
        path:
          symbol: "KC"
        query:
          country_code: "BR"
          start_date: "2024-04-24"
          end_date: "2025-04-25"
          get_feature_contributions: false
          model: "v2_wholecountry_92to23_interval10_yesyoy_xgb"
      responses:
        "200":
          application/json: {"success": true, "data": [{"symbol": "<value>", "commodity": "<value>", "country_code": "AI", "country": "Kazakhstan", "date": "2023-02-26T07:00:51.532Z", "model": "Mercielago", "forecasted_supply": 8305.46, "reported_supply": 7225.01, "reporting_agency": "<value>", "unit": "candela", "feature_contributions": []}]}
        "422":
          application/json: {}
  user_registration:
    speakeasy-default-user-registration:
      requestBody:
        application/json: {"first_name": "Marquise", "last_name": "Larkin", "company_name": "Hoppe - Leannon", "email_address": "Terrill.Harris@hotmail.com"}
      responses:
        "200":
          application/json: {"success": true, "data": {"key": "<value>"}}
        "422":
          application/json: {}
        "401":
          application/json: {"success": true, "data": "<value>"}
  get_datasets:
    speakeasy-default-get-datasets:
      parameters:
        query:
          symbols: ["KC"]
          dataset_keys: ["technical_macro_v1_2025"]
          statistic_types: ["raw_value"]
          variable_types: ["price"]
          sources: ["CFTC"]
          countries: ["usa"]
          frequencies: ["daily"]
          phenology_stages: ["harvest"]
          limit: 979211
          offset: 968616
          search: "coffee"
      responses:
        "200":
          application/json: {"success": true, "data": [{"id": "aea3df39-a1bc-4185-b0ea-24fb970f7ba4", "created_at": "2025-10-12T04:57:58.645Z", "updated_at": "2024-05-13T21:29:34.089Z", "key": "<key>", "name": "<value>", "description": "fencing fooey with phooey pretty", "type": "<value>", "publisher_name": "<value>", "publisher_id": "f91fdf61-ef53-45d7-a531-d0668643af02", "start_date": "2023-03-26T00:03:30.226Z", "end_date": "2024-04-17T19:33:50.870Z", "frequency": null, "feature_count": 936931}]}
        "422":
          application/json: {}
  get_strategies:
    speakeasy-default-get-strategies:
      parameters:
        query:
          include_relationships: true
          strategy_name: "Coffee Arabica Combination v2025-06"
      responses:
        "200":
          application/json: {"success": true, "data": []}
        "422":
          application/json: {}
  get_strategy:
    speakeasy-default-get-strategy:
      parameters:
        path:
          strategy_id: "123e4567-e89b-12d3-a456-426614174000"
        query:
          include_relationships: true
      responses:
        "200":
          application/json: {"success": true, "data": []}
        "422":
          application/json: {}
  get_strategy_forecast:
    speakeasy-default-get-strategy-forecast:
      parameters:
        path:
          strategy_id: "123e4567-e89b-12d3-a456-426614174000"
        query:
          concatenate_trajectories: false
      responses:
        "200":
          application/json: {"success": true, "data": [{"asset": {"symbol": "<value>", "type": "<value>", "asset_class_symbol": "<value>", "name": "<value>", "sku": null, "code": null, "price_file": "<value>"}, "contracts": [{"asset_symbol": "<value>", "symbol": "<value>", "name": "<value>", "forecasts": [{"model": "PT Cruiser", "forecast_date": "2023-07-23T23:55:22.486Z", "close_price_trajectory": [{"date": "2024-09-08T17:23:23.261Z", "target_date_contract": "<value>", "close_price": 4668.02}]}], "market_drivers": [{"model": "Beetle", "forecast_date": "2025-08-31T01:54:26.190Z", "target_date_contract": "<value>", "horizon": 368858, "categories": [{"category": "<value>", "contribution": 4840.73, "drilldown": [{"feature_code": "<value>", "contribution": 3892.38, "description": "of trek correctly lowball"}]}]}], "moving_averages": [{"horizon": 699309, "moving_average": []}]}]}]}
        "422":
          application/json: {}
examplesVersion: 1.0.2
generatedTests: {}
