speakeasyVersion: 1.600.2
sources:
    hedgewise: {}
targets:
    hedgewise:
        source: hedgewise
        codeSamplesNamespace: hedgewise-typescript-code-samples
        codeSamplesRevisionDigest: sha256:3074b909b48b0110250e48c2355c62a0359027531190e875112a9f443614b083
workflow:
    workflowVersion: 1.0.0
    speakeasyVersion: latest
    sources:
        hedgewise:
            inputs:
                - location: https://hedgewise.appsci-production.aws.descarteslabs.com/openapi.json
            overlays:
                - location: .speakeasy/speakeasy-modifications-overlay.yaml
            registry:
                location: registry.speakeasyapi.dev/earthdaily/hedgewise/hedgewise
    targets:
        hedgewise:
            target: typescript
            source: hedgewise
            publish:
                npm:
                    token: $npm_token
            codeSamples:
                registry:
                    location: registry.speakeasyapi.dev/earthdaily/hedgewise/hedgewise-typescript-code-samples
                labelOverride:
                    fixedValue: Typescript (SDK)
                blocking: false
