speakeasyVersion: 1.592.1
sources:
    hedgewise: {}
targets:
    hedgewise:
        source: hedgewise
        codeSamplesNamespace: hedgewise-typescript-code-samples
        codeSamplesRevisionDigest: sha256:c82135f12af4ee19d3ab65ee0e5b2a74972cc285d9fbc595732036adc0c4774e
workflow:
    workflowVersion: 1.0.0
    speakeasyVersion: latest
    sources:
        hedgewise:
            inputs:
                - location: https://hedgewise.appsci-production.aws.descarteslabs.com/openapi.json
            overlays:
                - location: .speakeasy/speakeasy-modifications-overlay.yaml
            registry:
                location: registry.speakeasyapi.dev/earthdaily/hedgewise/hedgewise
    targets:
        hedgewise:
            target: typescript
            source: hedgewise
            publish:
                npm:
                    token: $npm_token
            codeSamples:
                registry:
                    location: registry.speakeasyapi.dev/earthdaily/hedgewise/hedgewise-typescript-code-samples
                labelOverride:
                    fixedValue: Typescript (SDK)
                blocking: false
