speakeasyVersion: 1.517.2
sources: {}
targets:
    hedgewise:
        source: Hedgewise
        codeSamplesNamespace: hedgewise-typescript-code-samples
        codeSamplesRevisionDigest: sha256:e54144aae934c4d4041e4bf324908bd236751d5ae1bc53a6c1f60d3b0e726e66
workflow:
    workflowVersion: 1.0.0
    speakeasyVersion: latest
    sources:
        Hedgewise:
            inputs:
                - location: https://hedgewise.appsci-production.aws.descarteslabs.com/openapi.json
            overlays:
                - location: .speakeasy/speakeasy-modifications-overlay.yaml
            registry:
                location: registry.speakeasyapi.dev/earthdaily/hedgewise/hedgewise
    targets:
        hedgewise:
            target: typescript
            source: Hedgewise
            publish:
                npm:
                    token: $npm_token
            codeSamples:
                registry:
                    location: registry.speakeasyapi.dev/earthdaily/hedgewise/hedgewise-typescript-code-samples
                labelOverride:
                    fixedValue: Typescript (SDK)
                blocking: false
